
Microsoft Visual Studio Solution File, Format Version 12.00
Project("{FAE04EC0-301F-11D3-BF4B-00C04F79EFBC}") = "SecretsSharing.Api", "SecretsSharing.Api\SecretsSharing.Api.csproj", "{4847A12A-254C-4E51-8F0D-6E1E9AF14457}"
EndProject
Project("{FAE04EC0-301F-11D3-BF4B-00C04F79EFBC}") = "Dal", "Dal\Dal.csproj", "{2EFD82CD-A0B2-4E76-8A77-45B3B2CDCB7E}"
EndProject
Project("{FAE04EC0-301F-11D3-BF4B-00C04F79EFBC}") = "Logic", "Logic\Logic.csproj", "{34141FED-3602-409B-8B52-201E4C51D1DF}"
EndProject
Global
	GlobalSection(SolutionConfigurationPlatforms) = preSolution
		Debug|Any CPU = Debug|Any CPU
		Release|Any CPU = Release|Any CPU
	EndGlobalSection
	GlobalSection(ProjectConfigurationPlatforms) = postSolution
		{4847A12A-254C-4E51-8F0D-6E1E9AF14457}.Debug|Any CPU.ActiveCfg = Debug|Any CPU
		{4847A12A-254C-4E51-8F0D-6E1E9AF14457}.Debug|Any CPU.Build.0 = Debug|Any CPU
		{4847A12A-254C-4E51-8F0D-6E1E9AF14457}.Release|Any CPU.ActiveCfg = Release|Any CPU
		{4847A12A-254C-4E51-8F0D-6E1E9AF14457}.Release|Any CPU.Build.0 = Release|Any CPU
		{2EFD82CD-A0B2-4E76-8A77-45B3B2CDCB7E}.Debug|Any CPU.ActiveCfg = Debug|Any CPU
		{2EFD82CD-A0B2-4E76-8A77-45B3B2CDCB7E}.Debug|Any CPU.Build.0 = Debug|Any CPU
		{2EFD82CD-A0B2-4E76-8A77-45B3B2CDCB7E}.Release|Any CPU.ActiveCfg = Release|Any CPU
		{2EFD82CD-A0B2-4E76-8A77-45B3B2CDCB7E}.Release|Any CPU.Build.0 = Release|Any CPU
		{34141FED-3602-409B-8B52-201E4C51D1DF}.Debug|Any CPU.ActiveCfg = Debug|Any CPU
		{34141FED-3602-409B-8B52-201E4C51D1DF}.Debug|Any CPU.Build.0 = Debug|Any CPU
		{34141FED-3602-409B-8B52-201E4C51D1DF}.Release|Any CPU.ActiveCfg = Release|Any CPU
		{34141FED-3602-409B-8B52-201E4C51D1DF}.Release|Any CPU.Build.0 = Release|Any CPU
	EndGlobalSection
EndGlobal
